
Microsoft Visual Studio Solution File, Format Version 12.00
# Visual Studio 14
VisualStudioVersion = 14.0.25123.0
MinimumVisualStudioVersion = 10.0.40219.1
Project("{FAE04EC0-301F-11D3-BF4B-00C04F79EFBC}") = "KDKDKD", "KDKDKD\KDKDKD.csproj", "{00F1AFB5-6DC6-45DB-9101-E0177E7D5252}"
EndProject
Global
	GlobalSection(SolutionConfigurationPlatforms) = preSolution
		Debug|Any CPU = Debug|Any CPU
		Release|Any CPU = Release|Any CPU
	EndGlobalSection
	GlobalSection(ProjectConfigurationPlatforms) = postSolution
		{00F1AFB5-6DC6-45DB-9101-E0177E7D5252}.Debug|Any CPU.ActiveCfg = Debug|Any CPU
		{00F1AFB5-6DC6-45DB-9101-E0177E7D5252}.Debug|Any CPU.Build.0 = Debug|Any CPU
		{00F1AFB5-6DC6-45DB-9101-E0177E7D5252}.Release|Any CPU.ActiveCfg = Release|Any CPU
		{00F1AFB5-6DC6-45DB-9101-E0177E7D5252}.Release|Any CPU.Build.0 = Release|Any CPU
	EndGlobalSection
	GlobalSection(SolutionProperties) = preSolution
		HideSolutionNode = FALSE
	EndGlobalSection
EndGlobal
